// !$*UTF8*$!
{
	archiveVersion = 1;
	classes = {
	};
	objectVersion = 50;
	objects = {

/* Begin PBXBuildFile section */
		203E6F7622A2569D009AEEA2 /* TextFieldExtensions.swift in Sources */ = {isa = PBXBuildFile; fileRef = 203E6F7522A2569D009AEEA2 /* TextFieldExtensions.swift */; };
		203E6F7A22A2608E009AEEA2 /* FontName.swift in Sources */ = {isa = PBXBuildFile; fileRef = 203E6F7922A2608E009AEEA2 /* FontName.swift */; };
		203E6F7C22A26096009AEEA2 /* FontSize.swift in Sources */ = {isa = PBXBuildFile; fileRef = 203E6F7B22A26096009AEEA2 /* FontSize.swift */; };
		2043D25B2294148100B6D1B5 /* GoogleService-Info.plist in Resources */ = {isa = PBXBuildFile; fileRef = 2043D25A2294148100B6D1B5 /* GoogleService-Info.plist */; };
		2043D2632295039500B6D1B5 /* TabBarController.swift in Sources */ = {isa = PBXBuildFile; fileRef = 2043D2622295039500B6D1B5 /* TabBarController.swift */; };
		20963930229F4C0B00F14692 /* Main.storyboard in Resources */ = {isa = PBXBuildFile; fileRef = 2096392F229F4C0B00F14692 /* Main.storyboard */; };
		20963933229F762400F14692 /* SegueEnum.swift in Sources */ = {isa = PBXBuildFile; fileRef = 20963932229F762400F14692 /* SegueEnum.swift */; };
		20963935229F772E00F14692 /* DateFormatEnum.swift in Sources */ = {isa = PBXBuildFile; fileRef = 20963934229F772E00F14692 /* DateFormatEnum.swift */; };
		20963937229F8A0B00F14692 /* PathNameEnum.swift in Sources */ = {isa = PBXBuildFile; fileRef = 20963936229F8A0B00F14692 /* PathNameEnum.swift */; };
		2096393B229FD1E400F14692 /* ViewStaffController.swift in Sources */ = {isa = PBXBuildFile; fileRef = 2096393A229FD1E400F14692 /* ViewStaffController.swift */; };
		20C01BE0229800A100B9B5B9 /* CreateUserViewController.swift in Sources */ = {isa = PBXBuildFile; fileRef = 20C01BDF229800A100B9B5B9 /* CreateUserViewController.swift */; };
		20C01BE42298210600B9B5B9 /* SuccessViewController.swift in Sources */ = {isa = PBXBuildFile; fileRef = 20C01BE32298210600B9B5B9 /* SuccessViewController.swift */; };
		20C01BE62298D1B200B9B5B9 /* AuthenticationViewController.swift in Sources */ = {isa = PBXBuildFile; fileRef = 20C01BE52298D1B200B9B5B9 /* AuthenticationViewController.swift */; };
		20EA1523229E9B58009B887A /* ManageTaskViewController.swift in Sources */ = {isa = PBXBuildFile; fileRef = 20EA1522229E9B58009B887A /* ManageTaskViewController.swift */; };
		20EA1529229ECAC4009B887A /* AdminController.swift in Sources */ = {isa = PBXBuildFile; fileRef = 20EA1528229ECAC4009B887A /* AdminController.swift */; };
		2E76DDCF1238349DCE250461 /* Pods_Punch_ItUITests.framework in Frameworks */ = {isa = PBXBuildFile; fileRef = 66DF32F81DAB18648F59FA12 /* Pods_Punch_ItUITests.framework */; };
		6C05AC4522939D700045EB82 /* AppDelegate.swift in Sources */ = {isa = PBXBuildFile; fileRef = 6C05AC4422939D700045EB82 /* AppDelegate.swift */; };
		6C05AC4722939D700045EB82 /* ViewController.swift in Sources */ = {isa = PBXBuildFile; fileRef = 6C05AC4622939D700045EB82 /* ViewController.swift */; };
		6C05AC4C22939D710045EB82 /* Assets.xcassets in Resources */ = {isa = PBXBuildFile; fileRef = 6C05AC4B22939D710045EB82 /* Assets.xcassets */; };
		6C05AC4F22939D710045EB82 /* LaunchScreen.storyboard in Resources */ = {isa = PBXBuildFile; fileRef = 6C05AC4D22939D710045EB82 /* LaunchScreen.storyboard */; };
		6C05AC5A22939D710045EB82 /* Punch_ItTests.swift in Sources */ = {isa = PBXBuildFile; fileRef = 6C05AC5922939D710045EB82 /* Punch_ItTests.swift */; };
		6C05AC6522939D710045EB82 /* Punch_ItUITests.swift in Sources */ = {isa = PBXBuildFile; fileRef = 6C05AC6422939D710045EB82 /* Punch_ItUITests.swift */; };
		73F20BCF0600C9526494D947 /* Pods_Punch_It.framework in Frameworks */ = {isa = PBXBuildFile; fileRef = AFC1986B13BDB32C69944897 /* Pods_Punch_It.framework */; };
		ACF19292448D9D211B8C138D /* Pods_Punch_ItTests.framework in Frameworks */ = {isa = PBXBuildFile; fileRef = 1B9E58E8C61FAFA6F00ACAA1 /* Pods_Punch_ItTests.framework */; };
/* End PBXBuildFile section */

/* Begin PBXContainerItemProxy section */
		6C05AC5622939D710045EB82 /* PBXContainerItemProxy */ = {
			isa = PBXContainerItemProxy;
			containerPortal = 6C05AC3922939D6F0045EB82 /* Project object */;
			proxyType = 1;
			remoteGlobalIDString = 6C05AC4022939D6F0045EB82;
			remoteInfo = "Punch It";
		};
		6C05AC6122939D710045EB82 /* PBXContainerItemProxy */ = {
			isa = PBXContainerItemProxy;
			containerPortal = 6C05AC3922939D6F0045EB82 /* Project object */;
			proxyType = 1;
			remoteGlobalIDString = 6C05AC4022939D6F0045EB82;
			remoteInfo = "Punch It";
		};
/* End PBXContainerItemProxy section */

/* Begin PBXFileReference section */
		1B9E58E8C61FAFA6F00ACAA1 /* Pods_Punch_ItTests.framework */ = {isa = PBXFileReference; explicitFileType = wrapper.framework; includeInIndex = 0; path = Pods_Punch_ItTests.framework; sourceTree = BUILT_PRODUCTS_DIR; };
		203E6F7522A2569D009AEEA2 /* TextFieldExtensions.swift */ = {isa = PBXFileReference; lastKnownFileType = sourcecode.swift; path = TextFieldExtensions.swift; sourceTree = "<group>"; };
		203E6F7922A2608E009AEEA2 /* FontName.swift */ = {isa = PBXFileReference; lastKnownFileType = sourcecode.swift; path = FontName.swift; sourceTree = "<group>"; };
		203E6F7B22A26096009AEEA2 /* FontSize.swift */ = {isa = PBXFileReference; lastKnownFileType = sourcecode.swift; path = FontSize.swift; sourceTree = "<group>"; };
		2043D25A2294148100B6D1B5 /* GoogleService-Info.plist */ = {isa = PBXFileReference; fileEncoding = 4; lastKnownFileType = text.plist.xml; name = "GoogleService-Info.plist"; path = "../../GoogleService-Info.plist"; sourceTree = "<group>"; };
		2043D2622295039500B6D1B5 /* TabBarController.swift */ = {isa = PBXFileReference; lastKnownFileType = sourcecode.swift; path = TabBarController.swift; sourceTree = "<group>"; };
		2096392F229F4C0B00F14692 /* Main.storyboard */ = {isa = PBXFileReference; fileEncoding = 4; lastKnownFileType = file.storyboard; name = Main.storyboard; path = ../../Main.storyboard; sourceTree = "<group>"; };
		20963932229F762400F14692 /* SegueEnum.swift */ = {isa = PBXFileReference; lastKnownFileType = sourcecode.swift; path = SegueEnum.swift; sourceTree = "<group>"; };
		20963934229F772E00F14692 /* DateFormatEnum.swift */ = {isa = PBXFileReference; lastKnownFileType = sourcecode.swift; path = DateFormatEnum.swift; sourceTree = "<group>"; };
		20963936229F8A0B00F14692 /* PathNameEnum.swift */ = {isa = PBXFileReference; lastKnownFileType = sourcecode.swift; path = PathNameEnum.swift; sourceTree = "<group>"; };
		2096393A229FD1E400F14692 /* ViewStaffController.swift */ = {isa = PBXFileReference; lastKnownFileType = sourcecode.swift; path = ViewStaffController.swift; sourceTree = "<group>"; };
		20C01BDF229800A100B9B5B9 /* CreateUserViewController.swift */ = {isa = PBXFileReference; lastKnownFileType = sourcecode.swift; path = CreateUserViewController.swift; sourceTree = "<group>"; };
		20C01BE32298210600B9B5B9 /* SuccessViewController.swift */ = {isa = PBXFileReference; lastKnownFileType = sourcecode.swift; path = SuccessViewController.swift; sourceTree = "<group>"; };
		20C01BE52298D1B200B9B5B9 /* AuthenticationViewController.swift */ = {isa = PBXFileReference; lastKnownFileType = sourcecode.swift; path = AuthenticationViewController.swift; sourceTree = "<group>"; };
		20EA1522229E9B58009B887A /* ManageTaskViewController.swift */ = {isa = PBXFileReference; lastKnownFileType = sourcecode.swift; path = ManageTaskViewController.swift; sourceTree = "<group>"; };
		20EA1528229ECAC4009B887A /* AdminController.swift */ = {isa = PBXFileReference; lastKnownFileType = sourcecode.swift; path = AdminController.swift; sourceTree = "<group>"; };
		2ABFC96805785202FC813D5E /* Pods-Punch ItUITests.release.xcconfig */ = {isa = PBXFileReference; includeInIndex = 1; lastKnownFileType = text.xcconfig; name = "Pods-Punch ItUITests.release.xcconfig"; path = "Target Support Files/Pods-Punch ItUITests/Pods-Punch ItUITests.release.xcconfig"; sourceTree = "<group>"; };
		3F24743671779833835F6A0F /* Pods-Punch ItTests.debug.xcconfig */ = {isa = PBXFileReference; includeInIndex = 1; lastKnownFileType = text.xcconfig; name = "Pods-Punch ItTests.debug.xcconfig"; path = "Target Support Files/Pods-Punch ItTests/Pods-Punch ItTests.debug.xcconfig"; sourceTree = "<group>"; };
		53F4568F29B5C2930CF0A807 /* Pods-Punch ItTests.release.xcconfig */ = {isa = PBXFileReference; includeInIndex = 1; lastKnownFileType = text.xcconfig; name = "Pods-Punch ItTests.release.xcconfig"; path = "Target Support Files/Pods-Punch ItTests/Pods-Punch ItTests.release.xcconfig"; sourceTree = "<group>"; };
		643633923987798AB076715B /* Pods-Punch It.debug.xcconfig */ = {isa = PBXFileReference; includeInIndex = 1; lastKnownFileType = text.xcconfig; name = "Pods-Punch It.debug.xcconfig"; path = "Target Support Files/Pods-Punch It/Pods-Punch It.debug.xcconfig"; sourceTree = "<group>"; };
		66DF32F81DAB18648F59FA12 /* Pods_Punch_ItUITests.framework */ = {isa = PBXFileReference; explicitFileType = wrapper.framework; includeInIndex = 0; path = Pods_Punch_ItUITests.framework; sourceTree = BUILT_PRODUCTS_DIR; };
		6C05AC4122939D6F0045EB82 /* Punch It.app */ = {isa = PBXFileReference; explicitFileType = wrapper.application; includeInIndex = 0; path = "Punch It.app"; sourceTree = BUILT_PRODUCTS_DIR; };
		6C05AC4422939D700045EB82 /* AppDelegate.swift */ = {isa = PBXFileReference; lastKnownFileType = sourcecode.swift; path = AppDelegate.swift; sourceTree = "<group>"; };
		6C05AC4622939D700045EB82 /* ViewController.swift */ = {isa = PBXFileReference; lastKnownFileType = sourcecode.swift; path = ViewController.swift; sourceTree = "<group>"; };
		6C05AC4B22939D710045EB82 /* Assets.xcassets */ = {isa = PBXFileReference; lastKnownFileType = folder.assetcatalog; path = Assets.xcassets; sourceTree = "<group>"; };
		6C05AC4E22939D710045EB82 /* Base */ = {isa = PBXFileReference; lastKnownFileType = file.storyboard; name = Base; path = Base.lproj/LaunchScreen.storyboard; sourceTree = "<group>"; };
		6C05AC5022939D710045EB82 /* Info.plist */ = {isa = PBXFileReference; lastKnownFileType = text.plist.xml; path = Info.plist; sourceTree = "<group>"; };
		6C05AC5522939D710045EB82 /* Punch ItTests.xctest */ = {isa = PBXFileReference; explicitFileType = wrapper.cfbundle; includeInIndex = 0; path = "Punch ItTests.xctest"; sourceTree = BUILT_PRODUCTS_DIR; };
		6C05AC5922939D710045EB82 /* Punch_ItTests.swift */ = {isa = PBXFileReference; lastKnownFileType = sourcecode.swift; path = Punch_ItTests.swift; sourceTree = "<group>"; };
		6C05AC5B22939D710045EB82 /* Info.plist */ = {isa = PBXFileReference; lastKnownFileType = text.plist.xml; path = Info.plist; sourceTree = "<group>"; };
		6C05AC6022939D710045EB82 /* Punch ItUITests.xctest */ = {isa = PBXFileReference; explicitFileType = wrapper.cfbundle; includeInIndex = 0; path = "Punch ItUITests.xctest"; sourceTree = BUILT_PRODUCTS_DIR; };
		6C05AC6422939D710045EB82 /* Punch_ItUITests.swift */ = {isa = PBXFileReference; lastKnownFileType = sourcecode.swift; path = Punch_ItUITests.swift; sourceTree = "<group>"; };
		6C05AC6622939D710045EB82 /* Info.plist */ = {isa = PBXFileReference; lastKnownFileType = text.plist.xml; path = Info.plist; sourceTree = "<group>"; };
		8A07F5C987E3C919794E4EC2 /* Pods-Punch It.release.xcconfig */ = {isa = PBXFileReference; includeInIndex = 1; lastKnownFileType = text.xcconfig; name = "Pods-Punch It.release.xcconfig"; path = "Target Support Files/Pods-Punch It/Pods-Punch It.release.xcconfig"; sourceTree = "<group>"; };
		A0301A82B844822D6660B702 /* Pods-Punch ItUITests.debug.xcconfig */ = {isa = PBXFileReference; includeInIndex = 1; lastKnownFileType = text.xcconfig; name = "Pods-Punch ItUITests.debug.xcconfig"; path = "Target Support Files/Pods-Punch ItUITests/Pods-Punch ItUITests.debug.xcconfig"; sourceTree = "<group>"; };
		AFC1986B13BDB32C69944897 /* Pods_Punch_It.framework */ = {isa = PBXFileReference; explicitFileType = wrapper.framework; includeInIndex = 0; path = Pods_Punch_It.framework; sourceTree = BUILT_PRODUCTS_DIR; };
/* End PBXFileReference section */

/* Begin PBXFrameworksBuildPhase section */
		6C05AC3E22939D6F0045EB82 /* Frameworks */ = {
			isa = PBXFrameworksBuildPhase;
			buildActionMask = 2147483647;
			files = (
				73F20BCF0600C9526494D947 /* Pods_Punch_It.framework in Frameworks */,
			);
			runOnlyForDeploymentPostprocessing = 0;
		};
		6C05AC5222939D710045EB82 /* Frameworks */ = {
			isa = PBXFrameworksBuildPhase;
			buildActionMask = 2147483647;
			files = (
				ACF19292448D9D211B8C138D /* Pods_Punch_ItTests.framework in Frameworks */,
			);
			runOnlyForDeploymentPostprocessing = 0;
		};
		6C05AC5D22939D710045EB82 /* Frameworks */ = {
			isa = PBXFrameworksBuildPhase;
			buildActionMask = 2147483647;
			files = (
				2E76DDCF1238349DCE250461 /* Pods_Punch_ItUITests.framework in Frameworks */,
			);
			runOnlyForDeploymentPostprocessing = 0;
		};
/* End PBXFrameworksBuildPhase section */

/* Begin PBXGroup section */
		203E6F7422A2567D009AEEA2 /* Extensions */ = {
			isa = PBXGroup;
			children = (
				203E6F7522A2569D009AEEA2 /* TextFieldExtensions.swift */,
			);
			path = Extensions;
			sourceTree = "<group>";
		};
		20963931229F749600F14692 /* Enum */ = {
			isa = PBXGroup;
			children = (
				20963932229F762400F14692 /* SegueEnum.swift */,
				20963934229F772E00F14692 /* DateFormatEnum.swift */,
				20963936229F8A0B00F14692 /* PathNameEnum.swift */,
				203E6F7922A2608E009AEEA2 /* FontName.swift */,
				203E6F7B22A26096009AEEA2 /* FontSize.swift */,
			);
			path = Enum;
			sourceTree = "<group>";
		};
		6C05AC3822939D6F0045EB82 = {
			isa = PBXGroup;
			children = (
				6C05AC4322939D6F0045EB82 /* Punch It */,
				6C05AC5822939D710045EB82 /* Punch ItTests */,
				6C05AC6322939D710045EB82 /* Punch ItUITests */,
				6C05AC4222939D6F0045EB82 /* Products */,
				D6A0CC586491567317500F7D /* Pods */,
				F815AC926FDB3AA04CA0A6B6 /* Frameworks */,
			);
			sourceTree = "<group>";
		};
		6C05AC4222939D6F0045EB82 /* Products */ = {
			isa = PBXGroup;
			children = (
				6C05AC4122939D6F0045EB82 /* Punch It.app */,
				6C05AC5522939D710045EB82 /* Punch ItTests.xctest */,
				6C05AC6022939D710045EB82 /* Punch ItUITests.xctest */,
			);
			name = Products;
			sourceTree = "<group>";
		};
		6C05AC4322939D6F0045EB82 /* Punch It */ = {
			isa = PBXGroup;
			children = (
				6C05AC4422939D700045EB82 /* AppDelegate.swift */,
				20C01BE52298D1B200B9B5B9 /* AuthenticationViewController.swift */,
				6C05AC4622939D700045EB82 /* ViewController.swift */,
				20EA1528229ECAC4009B887A /* AdminController.swift */,
				2043D2622295039500B6D1B5 /* TabBarController.swift */,
				2096393A229FD1E400F14692 /* ViewStaffController.swift */,
				20C01BDF229800A100B9B5B9 /* CreateUserViewController.swift */,
				20963931229F749600F14692 /* Enum */,
				20C01BE32298210600B9B5B9 /* SuccessViewController.swift */,
				203E6F7422A2567D009AEEA2 /* Extensions */,
				20EA1522229E9B58009B887A /* ManageTaskViewController.swift */,
				6C05AC4B22939D710045EB82 /* Assets.xcassets */,
				2096392F229F4C0B00F14692 /* Main.storyboard */,
				6C05AC4D22939D710045EB82 /* LaunchScreen.storyboard */,
				2043D25A2294148100B6D1B5 /* GoogleService-Info.plist */,
				6C05AC5022939D710045EB82 /* Info.plist */,
			);
			path = "Punch It";
			sourceTree = "<group>";
		};
		6C05AC5822939D710045EB82 /* Punch ItTests */ = {
			isa = PBXGroup;
			children = (
				6C05AC5922939D710045EB82 /* Punch_ItTests.swift */,
				6C05AC5B22939D710045EB82 /* Info.plist */,
			);
			path = "Punch ItTests";
			sourceTree = "<group>";
		};
		6C05AC6322939D710045EB82 /* Punch ItUITests */ = {
			isa = PBXGroup;
			children = (
				6C05AC6422939D710045EB82 /* Punch_ItUITests.swift */,
				6C05AC6622939D710045EB82 /* Info.plist */,
			);
			path = "Punch ItUITests";
			sourceTree = "<group>";
		};
		D6A0CC586491567317500F7D /* Pods */ = {
			isa = PBXGroup;
			children = (
				643633923987798AB076715B /* Pods-Punch It.debug.xcconfig */,
				8A07F5C987E3C919794E4EC2 /* Pods-Punch It.release.xcconfig */,
				3F24743671779833835F6A0F /* Pods-Punch ItTests.debug.xcconfig */,
				53F4568F29B5C2930CF0A807 /* Pods-Punch ItTests.release.xcconfig */,
				A0301A82B844822D6660B702 /* Pods-Punch ItUITests.debug.xcconfig */,
				2ABFC96805785202FC813D5E /* Pods-Punch ItUITests.release.xcconfig */,
			);
			path = Pods;
			sourceTree = "<group>";
		};
		F815AC926FDB3AA04CA0A6B6 /* Frameworks */ = {
			isa = PBXGroup;
			children = (
				AFC1986B13BDB32C69944897 /* Pods_Punch_It.framework */,
				1B9E58E8C61FAFA6F00ACAA1 /* Pods_Punch_ItTests.framework */,
				66DF32F81DAB18648F59FA12 /* Pods_Punch_ItUITests.framework */,
			);
			name = Frameworks;
			sourceTree = "<group>";
		};
/* End PBXGroup section */

/* Begin PBXNativeTarget section */
		6C05AC4022939D6F0045EB82 /* Punch It */ = {
			isa = PBXNativeTarget;
			buildConfigurationList = 6C05AC6922939D710045EB82 /* Build configuration list for PBXNativeTarget "Punch It" */;
			buildPhases = (
				5604A3ADF288B9E3B0532A85 /* [CP] Check Pods Manifest.lock */,
				6C05AC3D22939D6F0045EB82 /* Sources */,
				6C05AC3E22939D6F0045EB82 /* Frameworks */,
				6C05AC3F22939D6F0045EB82 /* Resources */,
				32D3CDC158CE035F4635C745 /* [CP] Embed Pods Frameworks */,
				B3EA836C46F2B37B6CC71BFE /* [CP] Copy Pods Resources */,
			);
			buildRules = (
			);
			dependencies = (
			);
			name = "Punch It";
			productName = "Punch It";
			productReference = 6C05AC4122939D6F0045EB82 /* Punch It.app */;
			productType = "com.apple.product-type.application";
		};
		6C05AC5422939D710045EB82 /* Punch ItTests */ = {
			isa = PBXNativeTarget;
			buildConfigurationList = 6C05AC6C22939D710045EB82 /* Build configuration list for PBXNativeTarget "Punch ItTests" */;
			buildPhases = (
				C9AC0BFB6B9A4C2EB431E16C /* [CP] Check Pods Manifest.lock */,
				6C05AC5122939D710045EB82 /* Sources */,
				6C05AC5222939D710045EB82 /* Frameworks */,
				6C05AC5322939D710045EB82 /* Resources */,
			);
			buildRules = (
			);
			dependencies = (
				6C05AC5722939D710045EB82 /* PBXTargetDependency */,
			);
			name = "Punch ItTests";
			productName = "Punch ItTests";
			productReference = 6C05AC5522939D710045EB82 /* Punch ItTests.xctest */;
			productType = "com.apple.product-type.bundle.unit-test";
		};
		6C05AC5F22939D710045EB82 /* Punch ItUITests */ = {
			isa = PBXNativeTarget;
			buildConfigurationList = 6C05AC6F22939D710045EB82 /* Build configuration list for PBXNativeTarget "Punch ItUITests" */;
			buildPhases = (
				1A28C7335CC066287CE20B4E /* [CP] Check Pods Manifest.lock */,
				6C05AC5C22939D710045EB82 /* Sources */,
				6C05AC5D22939D710045EB82 /* Frameworks */,
				6C05AC5E22939D710045EB82 /* Resources */,
			);
			buildRules = (
			);
			dependencies = (
				6C05AC6222939D710045EB82 /* PBXTargetDependency */,
			);
			name = "Punch ItUITests";
			productName = "Punch ItUITests";
			productReference = 6C05AC6022939D710045EB82 /* Punch ItUITests.xctest */;
			productType = "com.apple.product-type.bundle.ui-testing";
		};
/* End PBXNativeTarget section */

/* Begin PBXProject section */
		6C05AC3922939D6F0045EB82 /* Project object */ = {
			isa = PBXProject;
			attributes = {
				LastSwiftUpdateCheck = 1010;
				LastUpgradeCheck = 1010;
				ORGANIZATIONNAME = "Harry Ta";
				TargetAttributes = {
					6C05AC4022939D6F0045EB82 = {
						CreatedOnToolsVersion = 10.1;
					};
					6C05AC5422939D710045EB82 = {
						CreatedOnToolsVersion = 10.1;
						TestTargetID = 6C05AC4022939D6F0045EB82;
					};
					6C05AC5F22939D710045EB82 = {
						CreatedOnToolsVersion = 10.1;
						TestTargetID = 6C05AC4022939D6F0045EB82;
					};
				};
			};
			buildConfigurationList = 6C05AC3C22939D6F0045EB82 /* Build configuration list for PBXProject "Punch It" */;
			compatibilityVersion = "Xcode 9.3";
			developmentRegion = en;
			hasScannedForEncodings = 0;
			knownRegions = (
				en,
				Base,
			);
			mainGroup = 6C05AC3822939D6F0045EB82;
			productRefGroup = 6C05AC4222939D6F0045EB82 /* Products */;
			projectDirPath = "";
			projectRoot = "";
			targets = (
				6C05AC4022939D6F0045EB82 /* Punch It */,
				6C05AC5422939D710045EB82 /* Punch ItTests */,
				6C05AC5F22939D710045EB82 /* Punch ItUITests */,
			);
		};
/* End PBXProject section */

/* Begin PBXResourcesBuildPhase section */
		6C05AC3F22939D6F0045EB82 /* Resources */ = {
			isa = PBXResourcesBuildPhase;
			buildActionMask = 2147483647;
			files = (
				6C05AC4F22939D710045EB82 /* LaunchScreen.storyboard in Resources */,
				2043D25B2294148100B6D1B5 /* GoogleService-Info.plist in Resources */,
				6C05AC4C22939D710045EB82 /* Assets.xcassets in Resources */,
				20963930229F4C0B00F14692 /* Main.storyboard in Resources */,
			);
			runOnlyForDeploymentPostprocessing = 0;
		};
		6C05AC5322939D710045EB82 /* Resources */ = {
			isa = PBXResourcesBuildPhase;
			buildActionMask = 2147483647;
			files = (
			);
			runOnlyForDeploymentPostprocessing = 0;
		};
		6C05AC5E22939D710045EB82 /* Resources */ = {
			isa = PBXResourcesBuildPhase;
			buildActionMask = 2147483647;
			files = (
			);
			runOnlyForDeploymentPostprocessing = 0;
		};
/* End PBXResourcesBuildPhase section */

/* Begin PBXShellScriptBuildPhase section */
		1A28C7335CC066287CE20B4E /* [CP] Check Pods Manifest.lock */ = {
			isa = PBXShellScriptBuildPhase;
			buildActionMask = 2147483647;
			files = (
			);
			inputFileListPaths = (
			);
			inputPaths = (
				"${PODS_PODFILE_DIR_PATH}/Podfile.lock",
				"${PODS_ROOT}/Manifest.lock",
			);
			name = "[CP] Check Pods Manifest.lock";
			outputFileListPaths = (
			);
			outputPaths = (
				"$(DERIVED_FILE_DIR)/Pods-Punch ItUITests-checkManifestLockResult.txt",
			);
			runOnlyForDeploymentPostprocessing = 0;
			shellPath = /bin/sh;
			shellScript = "diff \"${PODS_PODFILE_DIR_PATH}/Podfile.lock\" \"${PODS_ROOT}/Manifest.lock\" > /dev/null\nif [ $? != 0 ] ; then\n    # print error to STDERR\n    echo \"error: The sandbox is not in sync with the Podfile.lock. Run 'pod install' or update your CocoaPods installation.\" >&2\n    exit 1\nfi\n# This output is used by Xcode 'outputs' to avoid re-running this script phase.\necho \"SUCCESS\" > \"${SCRIPT_OUTPUT_FILE_0}\"\n";
			showEnvVarsInLog = 0;
		};
		32D3CDC158CE035F4635C745 /* [CP] Embed Pods Frameworks */ = {
			isa = PBXShellScriptBuildPhase;
			buildActionMask = 2147483647;
			files = (
			);
			inputFileListPaths = (
			);
			inputPaths = (
				"${PODS_ROOT}/Target Support Files/Pods-Punch It/Pods-Punch It-frameworks.sh",
				"${BUILT_PRODUCTS_DIR}/GTMSessionFetcher/GTMSessionFetcher.framework",
				"${BUILT_PRODUCTS_DIR}/GoogleUtilities/GoogleUtilities.framework",
				"${BUILT_PRODUCTS_DIR}/leveldb-library/leveldb.framework",
				"${BUILT_PRODUCTS_DIR}/nanopb/nanopb.framework",
			);
			name = "[CP] Embed Pods Frameworks";
			outputFileListPaths = (
			);
			outputPaths = (
				"${TARGET_BUILD_DIR}/${FRAMEWORKS_FOLDER_PATH}/GTMSessionFetcher.framework",
				"${TARGET_BUILD_DIR}/${FRAMEWORKS_FOLDER_PATH}/GoogleUtilities.framework",
				"${TARGET_BUILD_DIR}/${FRAMEWORKS_FOLDER_PATH}/leveldb.framework",
				"${TARGET_BUILD_DIR}/${FRAMEWORKS_FOLDER_PATH}/nanopb.framework",
			);
			runOnlyForDeploymentPostprocessing = 0;
			shellPath = /bin/sh;
			shellScript = "\"${PODS_ROOT}/Target Support Files/Pods-Punch It/Pods-Punch It-frameworks.sh\"\n";
			showEnvVarsInLog = 0;
		};
		5604A3ADF288B9E3B0532A85 /* [CP] Check Pods Manifest.lock */ = {
			isa = PBXShellScriptBuildPhase;
			buildActionMask = 2147483647;
			files = (
			);
			inputFileListPaths = (
			);
			inputPaths = (
				"${PODS_PODFILE_DIR_PATH}/Podfile.lock",
				"${PODS_ROOT}/Manifest.lock",
			);
			name = "[CP] Check Pods Manifest.lock";
			outputFileListPaths = (
			);
			outputPaths = (
				"$(DERIVED_FILE_DIR)/Pods-Punch It-checkManifestLockResult.txt",
			);
			runOnlyForDeploymentPostprocessing = 0;
			shellPath = /bin/sh;
			shellScript = "diff \"${PODS_PODFILE_DIR_PATH}/Podfile.lock\" \"${PODS_ROOT}/Manifest.lock\" > /dev/null\nif [ $? != 0 ] ; then\n    # print error to STDERR\n    echo \"error: The sandbox is not in sync with the Podfile.lock. Run 'pod install' or update your CocoaPods installation.\" >&2\n    exit 1\nfi\n# This output is used by Xcode 'outputs' to avoid re-running this script phase.\necho \"SUCCESS\" > \"${SCRIPT_OUTPUT_FILE_0}\"\n";
			showEnvVarsInLog = 0;
		};
		B3EA836C46F2B37B6CC71BFE /* [CP] Copy Pods Resources */ = {
			isa = PBXShellScriptBuildPhase;
			buildActionMask = 2147483647;
			files = (
			);
			inputFileListPaths = (
			);
			inputPaths = (
				"${PODS_ROOT}/Target Support Files/Pods-Punch It/Pods-Punch It-resources.sh",
				"${PODS_CONFIGURATION_BUILD_DIR}/FirebaseUI/FirebaseAuthUI.bundle",
			);
			name = "[CP] Copy Pods Resources";
			outputFileListPaths = (
			);
			outputPaths = (
				"${TARGET_BUILD_DIR}/${UNLOCALIZED_RESOURCES_FOLDER_PATH}/FirebaseAuthUI.bundle",
			);
			runOnlyForDeploymentPostprocessing = 0;
			shellPath = /bin/sh;
			shellScript = "\"${PODS_ROOT}/Target Support Files/Pods-Punch It/Pods-Punch It-resources.sh\"\n";
			showEnvVarsInLog = 0;
		};
		C9AC0BFB6B9A4C2EB431E16C /* [CP] Check Pods Manifest.lock */ = {
			isa = PBXShellScriptBuildPhase;
			buildActionMask = 2147483647;
			files = (
			);
			inputFileListPaths = (
			);
			inputPaths = (
				"${PODS_PODFILE_DIR_PATH}/Podfile.lock",
				"${PODS_ROOT}/Manifest.lock",
			);
			name = "[CP] Check Pods Manifest.lock";
			outputFileListPaths = (
			);
			outputPaths = (
				"$(DERIVED_FILE_DIR)/Pods-Punch ItTests-checkManifestLockResult.txt",
			);
			runOnlyForDeploymentPostprocessing = 0;
			shellPath = /bin/sh;
			shellScript = "diff \"${PODS_PODFILE_DIR_PATH}/Podfile.lock\" \"${PODS_ROOT}/Manifest.lock\" > /dev/null\nif [ $? != 0 ] ; then\n    # print error to STDERR\n    echo \"error: The sandbox is not in sync with the Podfile.lock. Run 'pod install' or update your CocoaPods installation.\" >&2\n    exit 1\nfi\n# This output is used by Xcode 'outputs' to avoid re-running this script phase.\necho \"SUCCESS\" > \"${SCRIPT_OUTPUT_FILE_0}\"\n";
			showEnvVarsInLog = 0;
		};
/* End PBXShellScriptBuildPhase section */

/* Begin PBXSourcesBuildPhase section */
		6C05AC3D22939D6F0045EB82 /* Sources */ = {
			isa = PBXSourcesBuildPhase;
			buildActionMask = 2147483647;
			files = (
				6C05AC4722939D700045EB82 /* ViewController.swift in Sources */,
				203E6F7C22A26096009AEEA2 /* FontSize.swift in Sources */,
				20963935229F772E00F14692 /* DateFormatEnum.swift in Sources */,
				20C01BE62298D1B200B9B5B9 /* AuthenticationViewController.swift in Sources */,
				20963933229F762400F14692 /* SegueEnum.swift in Sources */,
				2043D2632295039500B6D1B5 /* TabBarController.swift in Sources */,
				20C01BE0229800A100B9B5B9 /* CreateUserViewController.swift in Sources */,
				20EA1523229E9B58009B887A /* ManageTaskViewController.swift in Sources */,
				203E6F7622A2569D009AEEA2 /* TextFieldExtensions.swift in Sources */,
				20963937229F8A0B00F14692 /* PathNameEnum.swift in Sources */,
				20EA1529229ECAC4009B887A /* AdminController.swift in Sources */,
				6C05AC4522939D700045EB82 /* AppDelegate.swift in Sources */,
				203E6F7A22A2608E009AEEA2 /* FontName.swift in Sources */,
				20C01BE42298210600B9B5B9 /* SuccessViewController.swift in Sources */,
				2096393B229FD1E400F14692 /* ViewStaffController.swift in Sources */,
			);
			runOnlyForDeploymentPostprocessing = 0;
		};
		6C05AC5122939D710045EB82 /* Sources */ = {
			isa = PBXSourcesBuildPhase;
			buildActionMask = 2147483647;
			files = (
				6C05AC5A22939D710045EB82 /* Punch_ItTests.swift in Sources */,
			);
			runOnlyForDeploymentPostprocessing = 0;
		};
		6C05AC5C22939D710045EB82 /* Sources */ = {
			isa = PBXSourcesBuildPhase;
			buildActionMask = 2147483647;
			files = (
				6C05AC6522939D710045EB82 /* Punch_ItUITests.swift in Sources */,
			);
			runOnlyForDeploymentPostprocessing = 0;
		};
/* End PBXSourcesBuildPhase section */

/* Begin PBXTargetDependency section */
		6C05AC5722939D710045EB82 /* PBXTargetDependency */ = {
			isa = PBXTargetDependency;
			target = 6C05AC4022939D6F0045EB82 /* Punch It */;
			targetProxy = 6C05AC5622939D710045EB82 /* PBXContainerItemProxy */;
		};
		6C05AC6222939D710045EB82 /* PBXTargetDependency */ = {
			isa = PBXTargetDependency;
			target = 6C05AC4022939D6F0045EB82 /* Punch It */;
			targetProxy = 6C05AC6122939D710045EB82 /* PBXContainerItemProxy */;
		};
/* End PBXTargetDependency section */

/* Begin PBXVariantGroup section */
		6C05AC4D22939D710045EB82 /* LaunchScreen.storyboard */ = {
			isa = PBXVariantGroup;
			children = (
				6C05AC4E22939D710045EB82 /* Base */,
			);
			name = LaunchScreen.storyboard;
			sourceTree = "<group>";
		};
/* End PBXVariantGroup section */

/* Begin XCBuildConfiguration section */
		6C05AC6722939D710045EB82 /* Debug */ = {
			isa = XCBuildConfiguration;
			buildSettings = {
				ALWAYS_SEARCH_USER_PATHS = NO;
				CLANG_ANALYZER_NONNULL = YES;
				CLANG_ANALYZER_NUMBER_OBJECT_CONVERSION = YES_AGGRESSIVE;
				CLANG_CXX_LANGUAGE_STANDARD = "gnu++14";
				CLANG_CXX_LIBRARY = "libc++";
				CLANG_ENABLE_MODULES = YES;
				CLANG_ENABLE_OBJC_ARC = YES;
				CLANG_ENABLE_OBJC_WEAK = YES;
				CLANG_WARN_BLOCK_CAPTURE_AUTORELEASING = YES;
				CLANG_WARN_BOOL_CONVERSION = YES;
				CLANG_WARN_COMMA = YES;
				CLANG_WARN_CONSTANT_CONVERSION = YES;
				CLANG_WARN_DEPRECATED_OBJC_IMPLEMENTATIONS = YES;
				CLANG_WARN_DIRECT_OBJC_ISA_USAGE = YES_ERROR;
				CLANG_WARN_DOCUMENTATION_COMMENTS = YES;
				CLANG_WARN_EMPTY_BODY = YES;
				CLANG_WARN_ENUM_CONVERSION = YES;
				CLANG_WARN_INFINITE_RECURSION = YES;
				CLANG_WARN_INT_CONVERSION = YES;
				CLANG_WARN_NON_LITERAL_NULL_CONVERSION = YES;
				CLANG_WARN_OBJC_IMPLICIT_RETAIN_SELF = YES;
				CLANG_WARN_OBJC_LITERAL_CONVERSION = YES;
				CLANG_WARN_OBJC_ROOT_CLASS = YES_ERROR;
				CLANG_WARN_RANGE_LOOP_ANALYSIS = YES;
				CLANG_WARN_STRICT_PROTOTYPES = YES;
				CLANG_WARN_SUSPICIOUS_MOVE = YES;
				CLANG_WARN_UNGUARDED_AVAILABILITY = YES_AGGRESSIVE;
				CLANG_WARN_UNREACHABLE_CODE = YES;
				CLANG_WARN__DUPLICATE_METHOD_MATCH = YES;
				CODE_SIGN_IDENTITY = "iPhone Developer";
				COPY_PHASE_STRIP = NO;
				DEBUG_INFORMATION_FORMAT = dwarf;
				ENABLE_STRICT_OBJC_MSGSEND = YES;
				ENABLE_TESTABILITY = YES;
				GCC_C_LANGUAGE_STANDARD = gnu11;
				GCC_DYNAMIC_NO_PIC = NO;
				GCC_NO_COMMON_BLOCKS = YES;
				GCC_OPTIMIZATION_LEVEL = 0;
				GCC_PREPROCESSOR_DEFINITIONS = (
					"DEBUG=1",
					"$(inherited)",
				);
				GCC_WARN_64_TO_32_BIT_CONVERSION = YES;
				GCC_WARN_ABOUT_RETURN_TYPE = YES_ERROR;
				GCC_WARN_UNDECLARED_SELECTOR = YES;
				GCC_WARN_UNINITIALIZED_AUTOS = YES_AGGRESSIVE;
				GCC_WARN_UNUSED_FUNCTION = YES;
				GCC_WARN_UNUSED_VARIABLE = YES;
				IPHONEOS_DEPLOYMENT_TARGET = 12.1;
				MTL_ENABLE_DEBUG_INFO = INCLUDE_SOURCE;
				MTL_FAST_MATH = YES;
				ONLY_ACTIVE_ARCH = YES;
				SDKROOT = iphoneos;
				SWIFT_ACTIVE_COMPILATION_CONDITIONS = DEBUG;
				SWIFT_OPTIMIZATION_LEVEL = "-Onone";
			};
			name = Debug;
		};
		6C05AC6822939D710045EB82 /* Release */ = {
			isa = XCBuildConfiguration;
			buildSettings = {
				ALWAYS_SEARCH_USER_PATHS = NO;
				CLANG_ANALYZER_NONNULL = YES;
				CLANG_ANALYZER_NUMBER_OBJECT_CONVERSION = YES_AGGRESSIVE;
				CLANG_CXX_LANGUAGE_STANDARD = "gnu++14";
				CLANG_CXX_LIBRARY = "libc++";
				CLANG_ENABLE_MODULES = YES;
				CLANG_ENABLE_OBJC_ARC = YES;
				CLANG_ENABLE_OBJC_WEAK = YES;
				CLANG_WARN_BLOCK_CAPTURE_AUTORELEASING = YES;
				CLANG_WARN_BOOL_CONVERSION = YES;
				CLANG_WARN_COMMA = YES;
				CLANG_WARN_CONSTANT_CONVERSION = YES;
				CLANG_WARN_DEPRECATED_OBJC_IMPLEMENTATIONS = YES;
				CLANG_WARN_DIRECT_OBJC_ISA_USAGE = YES_ERROR;
				CLANG_WARN_DOCUMENTATION_COMMENTS = YES;
				CLANG_WARN_EMPTY_BODY = YES;
				CLANG_WARN_ENUM_CONVERSION = YES;
				CLANG_WARN_INFINITE_RECURSION = YES;
				CLANG_WARN_INT_CONVERSION = YES;
				CLANG_WARN_NON_LITERAL_NULL_CONVERSION = YES;
				CLANG_WARN_OBJC_IMPLICIT_RETAIN_SELF = YES;
				CLANG_WARN_OBJC_LITERAL_CONVERSION = YES;
				CLANG_WARN_OBJC_ROOT_CLASS = YES_ERROR;
				CLANG_WARN_RANGE_LOOP_ANALYSIS = YES;
				CLANG_WARN_STRICT_PROTOTYPES = YES;
				CLANG_WARN_SUSPICIOUS_MOVE = YES;
				CLANG_WARN_UNGUARDED_AVAILABILITY = YES_AGGRESSIVE;
				CLANG_WARN_UNREACHABLE_CODE = YES;
				CLANG_WARN__DUPLICATE_METHOD_MATCH = YES;
				CODE_SIGN_IDENTITY = "iPhone Developer";
				COPY_PHASE_STRIP = NO;
				DEBUG_INFORMATION_FORMAT = "dwarf-with-dsym";
				ENABLE_NS_ASSERTIONS = NO;
				ENABLE_STRICT_OBJC_MSGSEND = YES;
				GCC_C_LANGUAGE_STANDARD = gnu11;
				GCC_NO_COMMON_BLOCKS = YES;
				GCC_WARN_64_TO_32_BIT_CONVERSION = YES;
				GCC_WARN_ABOUT_RETURN_TYPE = YES_ERROR;
				GCC_WARN_UNDECLARED_SELECTOR = YES;
				GCC_WARN_UNINITIALIZED_AUTOS = YES_AGGRESSIVE;
				GCC_WARN_UNUSED_FUNCTION = YES;
				GCC_WARN_UNUSED_VARIABLE = YES;
				IPHONEOS_DEPLOYMENT_TARGET = 12.1;
				MTL_ENABLE_DEBUG_INFO = NO;
				MTL_FAST_MATH = YES;
				SDKROOT = iphoneos;
				SWIFT_COMPILATION_MODE = wholemodule;
				SWIFT_OPTIMIZATION_LEVEL = "-O";
				VALIDATE_PRODUCT = YES;
			};
			name = Release;
		};
		6C05AC6A22939D710045EB82 /* Debug */ = {
			isa = XCBuildConfiguration;
			baseConfigurationReference = 643633923987798AB076715B /* Pods-Punch It.debug.xcconfig */;
			buildSettings = {
				ASSETCATALOG_COMPILER_APPICON_NAME = AppIcon;
				CODE_SIGN_STYLE = Automatic;
				DEVELOPMENT_TEAM = 72D6MD9CUA;
				INFOPLIST_FILE = "Punch It/Info.plist";
				LD_RUNPATH_SEARCH_PATHS = (
					"$(inherited)",
					"@executable_path/Frameworks",
				);
				PRODUCT_BUNDLE_IDENTIFIER = "uts.edu.au.Punch-It123";
				PRODUCT_NAME = "$(TARGET_NAME)";
				SWIFT_VERSION = 4.2;
				TARGETED_DEVICE_FAMILY = "1,2";
			};
			name = Debug;
		};
		6C05AC6B22939D710045EB82 /* Release */ = {
			isa = XCBuildConfiguration;
			baseConfigurationReference = 8A07F5C987E3C919794E4EC2 /* Pods-Punch It.release.xcconfig */;
			buildSettings = {
				ASSETCATALOG_COMPILER_APPICON_NAME = AppIcon;
				CODE_SIGN_STYLE = Automatic;
				DEVELOPMENT_TEAM = 72D6MD9CUA;
				INFOPLIST_FILE = "Punch It/Info.plist";
				LD_RUNPATH_SEARCH_PATHS = (
					"$(inherited)",
					"@executable_path/Frameworks",
				);
				PRODUCT_BUNDLE_IDENTIFIER = "uts.edu.au.Punch-It123";
				PRODUCT_NAME = "$(TARGET_NAME)";
				SWIFT_VERSION = 4.2;
				TARGETED_DEVICE_FAMILY = "1,2";
			};
			name = Release;
		};
		6C05AC6D22939D710045EB82 /* Debug */ = {
			isa = XCBuildConfiguration;
			baseConfigurationReference = 3F24743671779833835F6A0F /* Pods-Punch ItTests.debug.xcconfig */;
			buildSettings = {
				ALWAYS_EMBED_SWIFT_STANDARD_LIBRARIES = YES;
				BUNDLE_LOADER = "$(TEST_HOST)";
				CODE_SIGN_STYLE = Automatic;
				DEVELOPMENT_TEAM = 8L482WVK6R;
				INFOPLIST_FILE = "Punch ItTests/Info.plist";
				LD_RUNPATH_SEARCH_PATHS = (
					"$(inherited)",
					"@executable_path/Frameworks",
					"@loader_path/Frameworks",
				);
				PRODUCT_BUNDLE_IDENTIFIER = "uts.edu.au.Punch-ItTests";
				PRODUCT_NAME = "$(TARGET_NAME)";
				SWIFT_VERSION = 4.2;
				TARGETED_DEVICE_FAMILY = "1,2";
				TEST_HOST = "$(BUILT_PRODUCTS_DIR)/Punch It.app/Punch It";
			};
			name = Debug;
		};
		6C05AC6E22939D710045EB82 /* Release */ = {
			isa = XCBuildConfiguration;
			baseConfigurationReference = 53F4568F29B5C2930CF0A807 /* Pods-Punch ItTests.release.xcconfig */;
			buildSettings = {
				ALWAYS_EMBED_SWIFT_STANDARD_LIBRARIES = YES;
				BUNDLE_LOADER = "$(TEST_HOST)";
				CODE_SIGN_STYLE = Automatic;
				DEVELOPMENT_TEAM = 8L482WVK6R;
				INFOPLIST_FILE = "Punch ItTests/Info.plist";
				LD_RUNPATH_SEARCH_PATHS = (
					"$(inherited)",
					"@executable_path/Frameworks",
					"@loader_path/Frameworks",
				);
				PRODUCT_BUNDLE_IDENTIFIER = "uts.edu.au.Punch-ItTests";
				PRODUCT_NAME = "$(TARGET_NAME)";
				SWIFT_VERSION = 4.2;
				TARGETED_DEVICE_FAMILY = "1,2";
				TEST_HOST = "$(BUILT_PRODUCTS_DIR)/Punch It.app/Punch It";
			};
			name = Release;
		};
		6C05AC7022939D710045EB82 /* Debug */ = {
			isa = XCBuildConfiguration;
			baseConfigurationReference = A0301A82B844822D6660B702 /* Pods-Punch ItUITests.debug.xcconfig */;
			buildSettings = {
				ALWAYS_EMBED_SWIFT_STANDARD_LIBRARIES = YES;
				CODE_SIGN_STYLE = Automatic;
				DEVELOPMENT_TEAM = 8L482WVK6R;
				INFOPLIST_FILE = "Punch ItUITests/Info.plist";
				LD_RUNPATH_SEARCH_PATHS = (
					"$(inherited)",
					"@executable_path/Frameworks",
					"@loader_path/Frameworks",
				);
				PRODUCT_BUNDLE_IDENTIFIER = "uts.edu.au.Punch-ItUITests";
				PRODUCT_NAME = "$(TARGET_NAME)";
				SWIFT_VERSION = 4.2;
				TARGETED_DEVICE_FAMILY = "1,2";
				TEST_TARGET_NAME = "Punch It";
			};
			name = Debug;
		};
		6C05AC7122939D710045EB82 /* Release */ = {
			isa = XCBuildConfiguration;
			baseConfigurationReference = 2ABFC96805785202FC813D5E /* Pods-Punch ItUITests.release.xcconfig */;
			buildSettings = {
				ALWAYS_EMBED_SWIFT_STANDARD_LIBRARIES = YES;
				CODE_SIGN_STYLE = Automatic;
				DEVELOPMENT_TEAM = 8L482WVK6R;
				INFOPLIST_FILE = "Punch ItUITests/Info.plist";
				LD_RUNPATH_SEARCH_PATHS = (
					"$(inherited)",
					"@executable_path/Frameworks",
					"@loader_path/Frameworks",
				);
				PRODUCT_BUNDLE_IDENTIFIER = "uts.edu.au.Punch-ItUITests";
				PRODUCT_NAME = "$(TARGET_NAME)";
				SWIFT_VERSION = 4.2;
				TARGETED_DEVICE_FAMILY = "1,2";
				TEST_TARGET_NAME = "Punch It";
			};
			name = Release;
		};
/* End XCBuildConfiguration section */

/* Begin XCConfigurationList section */
		6C05AC3C22939D6F0045EB82 /* Build configuration list for PBXProject "Punch It" */ = {
			isa = XCConfigurationList;
			buildConfigurations = (
				6C05AC6722939D710045EB82 /* Debug */,
				6C05AC6822939D710045EB82 /* Release */,
			);
			defaultConfigurationIsVisible = 0;
			defaultConfigurationName = Release;
		};
		6C05AC6922939D710045EB82 /* Build configuration list for PBXNativeTarget "Punch It" */ = {
			isa = XCConfigurationList;
			buildConfigurations = (
				6C05AC6A22939D710045EB82 /* Debug */,
				6C05AC6B22939D710045EB82 /* Release */,
			);
			defaultConfigurationIsVisible = 0;
			defaultConfigurationName = Release;
		};
		6C05AC6C22939D710045EB82 /* Build configuration list for PBXNativeTarget "Punch ItTests" */ = {
			isa = XCConfigurationList;
			buildConfigurations = (
				6C05AC6D22939D710045EB82 /* Debug */,
				6C05AC6E22939D710045EB82 /* Release */,
			);
			defaultConfigurationIsVisible = 0;
			defaultConfigurationName = Release;
		};
		6C05AC6F22939D710045EB82 /* Build configuration list for PBXNativeTarget "Punch ItUITests" */ = {
			isa = XCConfigurationList;
			buildConfigurations = (
				6C05AC7022939D710045EB82 /* Debug */,
				6C05AC7122939D710045EB82 /* Release */,
			);
			defaultConfigurationIsVisible = 0;
			defaultConfigurationName = Release;
		};
/* End XCConfigurationList section */
	};
	rootObject = 6C05AC3922939D6F0045EB82 /* Project object */;
}
